// !$*UTF8*$!
{
	archiveVersion = 1;
	classes = {
	};
	objectVersion = 46;
	objects = {

/* Begin PBXBuildFile section */
		85446D411D52377A0046AAC7 /* AppDelegate.swift in Sources */ = {isa = PBXBuildFile; fileRef = 85446D401D52377A0046AAC7 /* AppDelegate.swift */; };
		85446D431D52377A0046AAC7 /* ViewController.swift in Sources */ = {isa = PBXBuildFile; fileRef = 85446D421D52377A0046AAC7 /* ViewController.swift */; };
		85446D461D52377A0046AAC7 /* Main.storyboard in Resources */ = {isa = PBXBuildFile; fileRef = 85446D441D52377A0046AAC7 /* Main.storyboard */; };
		85446D481D52377A0046AAC7 /* Assets.xcassets in Resources */ = {isa = PBXBuildFile; fileRef = 85446D471D52377A0046AAC7 /* Assets.xcassets */; };
		85446D4B1D52377A0046AAC7 /* LaunchScreen.storyboard in Resources */ = {isa = PBXBuildFile; fileRef = 85446D491D52377A0046AAC7 /* LaunchScreen.storyboard */; };
		85446D561D52377A0046AAC7 /* WorkspaceTests.swift in Sources */ = {isa = PBXBuildFile; fileRef = 85446D551D52377A0046AAC7 /* WorkspaceTests.swift */; };
		85446D611D52377A0046AAC7 /* WorkspaceUITests.swift in Sources */ = {isa = PBXBuildFile; fileRef = 85446D601D52377A0046AAC7 /* WorkspaceUITests.swift */; };
/* End PBXBuildFile section */

/* Begin PBXContainerItemProxy section */
		85446D521D52377A0046AAC7 /* PBXContainerItemProxy */ = {
			isa = PBXContainerItemProxy;
			containerPortal = 85446D351D52377A0046AAC7 /* Project object */;
			proxyType = 1;
			remoteGlobalIDString = 85446D3C1D52377A0046AAC7;
			remoteInfo = Workspace;
		};
		85446D5D1D52377A0046AAC7 /* PBXContainerItemProxy */ = {
			isa = PBXContainerItemProxy;
			containerPortal = 85446D351D52377A0046AAC7 /* Project object */;
			proxyType = 1;
			remoteGlobalIDString = 85446D3C1D52377A0046AAC7;
			remoteInfo = Workspace;
		};
/* End PBXContainerItemProxy section */

/* Begin PBXFileReference section */
		85446D3D1D52377A0046AAC7 /* Workspace.app */ = {isa = PBXFileReference; explicitFileType = wrapper.application; includeInIndex = 0; path = Workspace.app; sourceTree = BUILT_PRODUCTS_DIR; };
		85446D401D52377A0046AAC7 /* AppDelegate.swift */ = {isa = PBXFileReference; lastKnownFileType = sourcecode.swift; path = AppDelegate.swift; sourceTree = "<group>"; };
		85446D421D52377A0046AAC7 /* ViewController.swift */ = {isa = PBXFileReference; lastKnownFileType = sourcecode.swift; path = ViewController.swift; sourceTree = "<group>"; };
		85446D451D52377A0046AAC7 /* Base */ = {isa = PBXFileReference; lastKnownFileType = file.storyboard; name = Base; path = Base.lproj/Main.storyboard; sourceTree = "<group>"; };
		85446D471D52377A0046AAC7 /* Assets.xcassets */ = {isa = PBXFileReference; lastKnownFileType = folder.assetcatalog; path = Assets.xcassets; sourceTree = "<group>"; };
		85446D4A1D52377A0046AAC7 /* Base */ = {isa = PBXFileReference; lastKnownFileType = file.storyboard; name = Base; path = Base.lproj/LaunchScreen.storyboard; sourceTree = "<group>"; };
		85446D4C1D52377A0046AAC7 /* Info.plist */ = {isa = PBXFileReference; lastKnownFileType = text.plist.xml; path = Info.plist; sourceTree = "<group>"; };
		85446D511D52377A0046AAC7 /* WorkspaceTests.xctest */ = {isa = PBXFileReference; explicitFileType = wrapper.cfbundle; includeInIndex = 0; path = WorkspaceTests.xctest; sourceTree = BUILT_PRODUCTS_DIR; };
		85446D551D52377A0046AAC7 /* WorkspaceTests.swift */ = {isa = PBXFileReference; lastKnownFileType = sourcecode.swift; path = WorkspaceTests.swift; sourceTree = "<group>"; };
		85446D571D52377A0046AAC7 /* Info.plist */ = {isa = PBXFileReference; lastKnownFileType = text.plist.xml; path = Info.plist; sourceTree = "<group>"; };
		85446D5C1D52377A0046AAC7 /* WorkspaceUITests.xctest */ = {isa = PBXFileReference; explicitFileType = wrapper.cfbundle; includeInIndex = 0; path = WorkspaceUITests.xctest; sourceTree = BUILT_PRODUCTS_DIR; };
		85446D601D52377A0046AAC7 /* WorkspaceUITests.swift */ = {isa = PBXFileReference; lastKnownFileType = sourcecode.swift; path = WorkspaceUITests.swift; sourceTree = "<group>"; };
		85446D621D52377A0046AAC7 /* Info.plist */ = {isa = PBXFileReference; lastKnownFileType = text.plist.xml; path = Info.plist; sourceTree = "<group>"; };
/* End PBXFileReference section */

/* Begin PBXFrameworksBuildPhase section */
		85446D3A1D52377A0046AAC7 /* Frameworks */ = {
			isa = PBXFrameworksBuildPhase;
			buildActionMask = 2147483647;
			files = (
			);
			runOnlyForDeploymentPostprocessing = 0;
		};
		85446D4E1D52377A0046AAC7 /* Frameworks */ = {
			isa = PBXFrameworksBuildPhase;
			buildActionMask = 2147483647;
			files = (
			);
			runOnlyForDeploymentPostprocessing = 0;
		};
		85446D591D52377A0046AAC7 /* Frameworks */ = {
			isa = PBXFrameworksBuildPhase;
			buildActionMask = 2147483647;
			files = (
			);
			runOnlyForDeploymentPostprocessing = 0;
		};
/* End PBXFrameworksBuildPhase section */

/* Begin PBXGroup section */
		85446D341D52377A0046AAC7 = {
			isa = PBXGroup;
			children = (
				85446D3F1D52377A0046AAC7 /* Workspace */,
				85446D541D52377A0046AAC7 /* WorkspaceTests */,
				85446D5F1D52377A0046AAC7 /* WorkspaceUITests */,
				85446D3E1D52377A0046AAC7 /* Products */,
			);
			sourceTree = "<group>";
		};
		85446D3E1D52377A0046AAC7 /* Products */ = {
			isa = PBXGroup;
			children = (
				85446D3D1D52377A0046AAC7 /* Workspace.app */,
				85446D511D52377A0046AAC7 /* WorkspaceTests.xctest */,
				85446D5C1D52377A0046AAC7 /* WorkspaceUITests.xctest */,
			);
			name = Products;
			sourceTree = "<group>";
		};
		85446D3F1D52377A0046AAC7 /* Workspace */ = {
			isa = PBXGroup;
			children = (
				85446D401D52377A0046AAC7 /* AppDelegate.swift */,
				85446D421D52377A0046AAC7 /* ViewController.swift */,
				85446D441D52377A0046AAC7 /* Main.storyboard */,
				85446D471D52377A0046AAC7 /* Assets.xcassets */,
				85446D491D52377A0046AAC7 /* LaunchScreen.storyboard */,
				85446D4C1D52377A0046AAC7 /* Info.plist */,
			);
			path = Workspace;
			sourceTree = "<group>";
		};
		85446D541D52377A0046AAC7 /* WorkspaceTests */ = {
			isa = PBXGroup;
			children = (
				85446D551D52377A0046AAC7 /* WorkspaceTests.swift */,
				85446D571D52377A0046AAC7 /* Info.plist */,
			);
			path = WorkspaceTests;
			sourceTree = "<group>";
		};
		85446D5F1D52377A0046AAC7 /* WorkspaceUITests */ = {
			isa = PBXGroup;
			children = (
				85446D601D52377A0046AAC7 /* WorkspaceUITests.swift */,
				85446D621D52377A0046AAC7 /* Info.plist */,
			);
			path = WorkspaceUITests;
			sourceTree = "<group>";
		};
/* End PBXGroup section */

/* Begin PBXNativeTarget section */
		85446D3C1D52377A0046AAC7 /* Workspace */ = {
			isa = PBXNativeTarget;
			buildConfigurationList = 85446D651D52377B0046AAC7 /* Build configuration list for PBXNativeTarget "Workspace" */;
			buildPhases = (
				85446D391D52377A0046AAC7 /* Sources */,
				85446D3A1D52377A0046AAC7 /* Frameworks */,
				85446D3B1D52377A0046AAC7 /* Resources */,
			);
			buildRules = (
			);
			dependencies = (
			);
			name = Workspace;
			productName = Workspace;
			productReference = 85446D3D1D52377A0046AAC7 /* Workspace.app */;
			productType = "com.apple.product-type.application";
		};
		85446D501D52377A0046AAC7 /* WorkspaceTests */ = {
			isa = PBXNativeTarget;
			buildConfigurationList = 85446D681D52377B0046AAC7 /* Build configuration list for PBXNativeTarget "WorkspaceTests" */;
			buildPhases = (
				85446D4D1D52377A0046AAC7 /* Sources */,
				85446D4E1D52377A0046AAC7 /* Frameworks */,
				85446D4F1D52377A0046AAC7 /* Resources */,
			);
			buildRules = (
			);
			dependencies = (
				85446D531D52377A0046AAC7 /* PBXTargetDependency */,
			);
			name = WorkspaceTests;
			productName = WorkspaceTests;
			productReference = 85446D511D52377A0046AAC7 /* WorkspaceTests.xctest */;
			productType = "com.apple.product-type.bundle.unit-test";
		};
		85446D5B1D52377A0046AAC7 /* WorkspaceUITests */ = {
			isa = PBXNativeTarget;
			buildConfigurationList = 85446D6B1D52377B0046AAC7 /* Build configuration list for PBXNativeTarget "WorkspaceUITests" */;
			buildPhases = (
				85446D581D52377A0046AAC7 /* Sources */,
				85446D591D52377A0046AAC7 /* Frameworks */,
				85446D5A1D52377A0046AAC7 /* Resources */,
			);
			buildRules = (
			);
			dependencies = (
				85446D5E1D52377A0046AAC7 /* PBXTargetDependency */,
			);
			name = WorkspaceUITests;
			productName = WorkspaceUITests;
			productReference = 85446D5C1D52377A0046AAC7 /* WorkspaceUITests.xctest */;
			productType = "com.apple.product-type.bundle.ui-testing";
		};
/* End PBXNativeTarget section */

/* Begin PBXProject section */
		85446D351D52377A0046AAC7 /* Project object */ = {
			isa = PBXProject;
			attributes = {
				LastSwiftUpdateCheck = 0730;
				LastUpgradeCheck = 0730;
				ORGANIZATIONNAME = Elmunei;
				TargetAttributes = {
					85446D3C1D52377A0046AAC7 = {
						CreatedOnToolsVersion = 7.3.1;
						DevelopmentTeam = 99UFM4R56S;
					};
					85446D501D52377A0046AAC7 = {
						CreatedOnToolsVersion = 7.3.1;
						DevelopmentTeam = 99UFM4R56S;
						TestTargetID = 85446D3C1D52377A0046AAC7;
					};
					85446D5B1D52377A0046AAC7 = {
						CreatedOnToolsVersion = 7.3.1;
						DevelopmentTeam = 99UFM4R56S;
						TestTargetID = 85446D3C1D52377A0046AAC7;
					};
				};
			};
			buildConfigurationList = 85446D381D52377A0046AAC7 /* Build configuration list for PBXProject "Workspace" */;
			compatibilityVersion = "Xcode 3.2";
			developmentRegion = English;
			hasScannedForEncodings = 0;
			knownRegions = (
				en,
				Base,
			);
			mainGroup = 85446D341D52377A0046AAC7;
			productRefGroup = 85446D3E1D52377A0046AAC7 /* Products */;
			projectDirPath = "";
			projectRoot = "";
			targets = (
				85446D3C1D52377A0046AAC7 /* Workspace */,
				85446D501D52377A0046AAC7 /* WorkspaceTests */,
				85446D5B1D52377A0046AAC7 /* WorkspaceUITests */,
			);
		};
/* End PBXProject section */

/* Begin PBXResourcesBuildPhase section */
		85446D3B1D52377A0046AAC7 /* Resources */ = {
			isa = PBXResourcesBuildPhase;
			buildActionMask = 2147483647;
			files = (
				85446D4B1D52377A0046AAC7 /* LaunchScreen.storyboard in Resources */,
				85446D481D52377A0046AAC7 /* Assets.xcassets in Resources */,
				85446D461D52377A0046AAC7 /* Main.storyboard in Resources */,
			);
			runOnlyForDeploymentPostprocessing = 0;
		};
		85446D4F1D52377A0046AAC7 /* Resources */ = {
			isa = PBXResourcesBuildPhase;
			buildActionMask = 2147483647;
			files = (
			);
			runOnlyForDeploymentPostprocessing = 0;
		};
		85446D5A1D52377A0046AAC7 /* Resources */ = {
			isa = PBXResourcesBuildPhase;
			buildActionMask = 2147483647;
			files = (
			);
			runOnlyForDeploymentPostprocessing = 0;
		};
/* End PBXResourcesBuildPhase section */

/* Begin PBXSourcesBuildPhase section */
		85446D391D52377A0046AAC7 /* Sources */ = {
			isa = PBXSourcesBuildPhase;
			buildActionMask = 2147483647;
			files = (
				85446D431D52377A0046AAC7 /* ViewController.swift in Sources */,
				85446D411D52377A0046AAC7 /* AppDelegate.swift in Sources */,
			);
			runOnlyForDeploymentPostprocessing = 0;
		};
		85446D4D1D52377A0046AAC7 /* Sources */ = {
			isa = PBXSourcesBuildPhase;
			buildActionMask = 2147483647;
			files = (
				85446D561D52377A0046AAC7 /* WorkspaceTests.swift in Sources */,
			);
			runOnlyForDeploymentPostprocessing = 0;
		};
		85446D581D52377A0046AAC7 /* Sources */ = {
			isa = PBXSourcesBuildPhase;
			buildActionMask = 2147483647;
			files = (
				85446D611D52377A0046AAC7 /* WorkspaceUITests.swift in Sources */,
			);
			runOnlyForDeploymentPostprocessing = 0;
		};
/* End PBXSourcesBuildPhase section */

/* Begin PBXTargetDependency section */
		85446D531D52377A0046AAC7 /* PBXTargetDependency */ = {
			isa = PBXTargetDependency;
			target = 85446D3C1D52377A0046AAC7 /* Workspace */;
			targetProxy = 85446D521D52377A0046AAC7 /* PBXContainerItemProxy */;
		};
		85446D5E1D52377A0046AAC7 /* PBXTargetDependency */ = {
			isa = PBXTargetDependency;
			target = 85446D3C1D52377A0046AAC7 /* Workspace */;
			targetProxy = 85446D5D1D52377A0046AAC7 /* PBXContainerItemProxy */;
		};
/* End PBXTargetDependency section */

/* Begin PBXVariantGroup section */
		85446D441D52377A0046AAC7 /* Main.storyboard */ = {
			isa = PBXVariantGroup;
			children = (
				85446D451D52377A0046AAC7 /* Base */,
			);
			name = Main.storyboard;
			sourceTree = "<group>";
		};
		85446D491D52377A0046AAC7 /* LaunchScreen.storyboard */ = {
			isa = PBXVariantGroup;
			children = (
				85446D4A1D52377A0046AAC7 /* Base */,
			);
			name = LaunchScreen.storyboard;
			sourceTree = "<group>";
		};
/* End PBXVariantGroup section */

/* Begin XCBuildConfiguration section */
		85446D631D52377B0046AAC7 /* Debug */ = {
			isa = XCBuildConfiguration;
			buildSettings = {
				ALWAYS_SEARCH_USER_PATHS = NO;
				CLANG_ANALYZER_NONNULL = YES;
				CLANG_CXX_LANGUAGE_STANDARD = "gnu++0x";
				CLANG_CXX_LIBRARY = "libc++";
				CLANG_ENABLE_MODULES = YES;
				CLANG_ENABLE_OBJC_ARC = YES;
				CLANG_WARN_BOOL_CONVERSION = YES;
				CLANG_WARN_CONSTANT_CONVERSION = YES;
				CLANG_WARN_DIRECT_OBJC_ISA_USAGE = YES_ERROR;
				CLANG_WARN_EMPTY_BODY = YES;
				CLANG_WARN_ENUM_CONVERSION = YES;
				CLANG_WARN_INT_CONVERSION = YES;
				CLANG_WARN_OBJC_ROOT_CLASS = YES_ERROR;
				CLANG_WARN_UNREACHABLE_CODE = YES;
				CLANG_WARN__DUPLICATE_METHOD_MATCH = YES;
				"CODE_SIGN_IDENTITY[sdk=iphoneos*]" = "iPhone Developer";
				COPY_PHASE_STRIP = NO;
				DEBUG_INFORMATION_FORMAT = dwarf;
				ENABLE_STRICT_OBJC_MSGSEND = YES;
				ENABLE_TESTABILITY = YES;
				GCC_C_LANGUAGE_STANDARD = gnu99;
				GCC_DYNAMIC_NO_PIC = NO;
				GCC_NO_COMMON_BLOCKS = YES;
				GCC_OPTIMIZATION_LEVEL = 0;
				GCC_PREPROCESSOR_DEFINITIONS = (
					"DEBUG=1",
					"$(inherited)",
				);
				GCC_WARN_64_TO_32_BIT_CONVERSION = YES;
				GCC_WARN_ABOUT_RETURN_TYPE = YES_ERROR;
				GCC_WARN_UNDECLARED_SELECTOR = YES;
				GCC_WARN_UNINITIALIZED_AUTOS = YES_AGGRESSIVE;
				GCC_WARN_UNUSED_FUNCTION = YES;
				GCC_WARN_UNUSED_VARIABLE = YES;
				IPHONEOS_DEPLOYMENT_TARGET = 9.3;
				MTL_ENABLE_DEBUG_INFO = YES;
				ONLY_ACTIVE_ARCH = YES;
				SDKROOT = iphoneos;
				SWIFT_OPTIMIZATION_LEVEL = "-Onone";
				TARGETED_DEVICE_FAMILY = "1,2";
			};
			name = Debug;
		};
		85446D641D52377B0046AAC7 /* Release */ = {
			isa = XCBuildConfiguration;
			buildSettings = {
				ALWAYS_SEARCH_USER_PATHS = NO;
				CLANG_ANALYZER_NONNULL = YES;
				CLANG_CXX_LANGUAGE_STANDARD = "gnu++0x";
				CLANG_CXX_LIBRARY = "libc++";
				CLANG_ENABLE_MODULES = YES;
				CLANG_ENABLE_OBJC_ARC = YES;
				CLANG_WARN_BOOL_CONVERSION = YES;
				CLANG_WARN_CONSTANT_CONVERSION = YES;
				CLANG_WARN_DIRECT_OBJC_ISA_USAGE = YES_ERROR;
				CLANG_WARN_EMPTY_BODY = YES;
				CLANG_WARN_ENUM_CONVERSION = YES;
				CLANG_WARN_INT_CONVERSION = YES;
				CLANG_WARN_OBJC_ROOT_CLASS = YES_ERROR;
				CLANG_WARN_UNREACHABLE_CODE = YES;
				CLANG_WARN__DUPLICATE_METHOD_MATCH = YES;
				"CODE_SIGN_IDENTITY[sdk=iphoneos*]" = "iPhone Developer";
				COPY_PHASE_STRIP = NO;
				DEBUG_INFORMATION_FORMAT = "dwarf-with-dsym";
				ENABLE_NS_ASSERTIONS = NO;
				ENABLE_STRICT_OBJC_MSGSEND = YES;
				GCC_C_LANGUAGE_STANDARD = gnu99;
				GCC_NO_COMMON_BLOCKS = YES;
				GCC_WARN_64_TO_32_BIT_CONVERSION = YES;
				GCC_WARN_ABOUT_RETURN_TYPE = YES_ERROR;
				GCC_WARN_UNDECLARED_SELECTOR = YES;
				GCC_WARN_UNINITIALIZED_AUTOS = YES_AGGRESSIVE;
				GCC_WARN_UNUSED_FUNCTION = YES;
				GCC_WARN_UNUSED_VARIABLE = YES;
				IPHONEOS_DEPLOYMENT_TARGET = 9.3;
				MTL_ENABLE_DEBUG_INFO = NO;
				SDKROOT = iphoneos;
				TARGETED_DEVICE_FAMILY = "1,2";
				VALIDATE_PRODUCT = YES;
			};
			name = Release;
		};
		85446D661D52377B0046AAC7 /* Debug */ = {
			isa = XCBuildConfiguration;
			buildSettings = {
				ASSETCATALOG_COMPILER_APPICON_NAME = AppIcon;
				INFOPLIST_FILE = Workspace/Info.plist;
				LD_RUNPATH_SEARCH_PATHS = "$(inherited) @executable_path/Frameworks";
				PRODUCT_BUNDLE_IDENTIFIER = net.elmunei.Workspace;
				PRODUCT_NAME = "$(TARGET_NAME)";
			};
			name = Debug;
		};
		85446D671D52377B0046AAC7 /* Release */ = {
			isa = XCBuildConfiguration;
			buildSettings = {
				ASSETCATALOG_COMPILER_APPICON_NAME = AppIcon;
				INFOPLIST_FILE = Workspace/Info.plist;
				LD_RUNPATH_SEARCH_PATHS = "$(inherited) @executable_path/Frameworks";
				PRODUCT_BUNDLE_IDENTIFIER = net.elmunei.Workspace;
				PRODUCT_NAME = "$(TARGET_NAME)";
			};
			name = Release;
		};
		85446D691D52377B0046AAC7 /* Debug */ = {
			isa = XCBuildConfiguration;
			buildSettings = {
				BUNDLE_LOADER = "$(TEST_HOST)";
				INFOPLIST_FILE = WorkspaceTests/Info.plist;
				LD_RUNPATH_SEARCH_PATHS = "$(inherited) @executable_path/Frameworks @loader_path/Frameworks";
				PRODUCT_BUNDLE_IDENTIFIER = net.elmunei.WorkspaceTests;
				PRODUCT_NAME = "$(TARGET_NAME)";
				TEST_HOST = "$(BUILT_PRODUCTS_DIR)/Workspace.app/Workspace";
			};
			name = Debug;
		};
		85446D6A1D52377B0046AAC7 /* Release */ = {
			isa = XCBuildConfiguration;
			buildSettings = {
				BUNDLE_LOADER = "$(TEST_HOST)";
				INFOPLIST_FILE = WorkspaceTests/Info.plist;
				LD_RUNPATH_SEARCH_PATHS = "$(inherited) @executable_path/Frameworks @loader_path/Frameworks";
				PRODUCT_BUNDLE_IDENTIFIER = net.elmunei.WorkspaceTests;
				PRODUCT_NAME = "$(TARGET_NAME)";
				TEST_HOST = "$(BUILT_PRODUCTS_DIR)/Workspace.app/Workspace";
			};
			name = Release;
		};
		85446D6C1D52377B0046AAC7 /* Debug */ = {
			isa = XCBuildConfiguration;
			buildSettings = {
				INFOPLIST_FILE = WorkspaceUITests/Info.plist;
				LD_RUNPATH_SEARCH_PATHS = "$(inherited) @executable_path/Frameworks @loader_path/Frameworks";
				PRODUCT_BUNDLE_IDENTIFIER = net.elmunei.WorkspaceUITests;
				PRODUCT_NAME = "$(TARGET_NAME)";
				TEST_TARGET_NAME = Workspace;
			};
			name = Debug;
		};
		85446D6D1D52377B0046AAC7 /* Release */ = {
			isa = XCBuildConfiguration;
			buildSettings = {
				INFOPLIST_FILE = WorkspaceUITests/Info.plist;
				LD_RUNPATH_SEARCH_PATHS = "$(inherited) @executable_path/Frameworks @loader_path/Frameworks";
				PRODUCT_BUNDLE_IDENTIFIER = net.elmunei.WorkspaceUITests;
				PRODUCT_NAME = "$(TARGET_NAME)";
				TEST_TARGET_NAME = Workspace;
			};
			name = Release;
		};
/* End XCBuildConfiguration section */

/* Begin XCConfigurationList section */
		85446D381D52377A0046AAC7 /* Build configuration list for PBXProject "Workspace" */ = {
			isa = XCConfigurationList;
			buildConfigurations = (
				85446D631D52377B0046AAC7 /* Debug */,
				85446D641D52377B0046AAC7 /* Release */,
			);
			defaultConfigurationIsVisible = 0;
			defaultConfigurationName = Release;
		};
		85446D651D52377B0046AAC7 /* Build configuration list for PBXNativeTarget "Workspace" */ = {
			isa = XCConfigurationList;
			buildConfigurations = (
				85446D661D52377B0046AAC7 /* Debug */,
				85446D671D52377B0046AAC7 /* Release */,
			);
			defaultConfigurationIsVisible = 0;
		};
		85446D681D52377B0046AAC7 /* Build configuration list for PBXNativeTarget "WorkspaceTests" */ = {
			isa = XCConfigurationList;
			buildConfigurations = (
				85446D691D52377B0046AAC7 /* Debug */,
				85446D6A1D52377B0046AAC7 /* Release */,
			);
			defaultConfigurationIsVisible = 0;
		};
		85446D6B1D52377B0046AAC7 /* Build configuration list for PBXNativeTarget "WorkspaceUITests" */ = {
			isa = XCConfigurationList;
			buildConfigurations = (
				85446D6C1D52377B0046AAC7 /* Debug */,
				85446D6D1D52377B0046AAC7 /* Release */,
			);
			defaultConfigurationIsVisible = 0;
		};
/* End XCConfigurationList section */
	};
	rootObject = 85446D351D52377A0046AAC7 /* Project object */;
}
